// !$*UTF8*$!
{
	archiveVersion = 1;
	classes = {
	};
	objectVersion = 56;
	objects = {

/* Begin PBXBuildFile section */
		4B1078342AB1A3F50055084E /* Practice04_AppleFrameworksGridApp.swift in Sources */ = {isa = PBXBuildFile; fileRef = 4B1078332AB1A3F50055084E /* Practice04_AppleFrameworksGridApp.swift */; };
		4B1078362AB1A3F50055084E /* FrameworkGridView.swift in Sources */ = {isa = PBXBuildFile; fileRef = 4B1078352AB1A3F50055084E /* FrameworkGridView.swift */; };
		4B1078382AB1A3F70055084E /* Assets.xcassets in Resources */ = {isa = PBXBuildFile; fileRef = 4B1078372AB1A3F70055084E /* Assets.xcassets */; };
		4B10783B2AB1A3F70055084E /* Preview Assets.xcassets in Resources */ = {isa = PBXBuildFile; fileRef = 4B10783A2AB1A3F70055084E /* Preview Assets.xcassets */; };
		4B1078452AB1A4330055084E /* Framework.swift in Sources */ = {isa = PBXBuildFile; fileRef = 4B1078442AB1A4330055084E /* Framework.swift */; };
		4B1078472AB1A4DD0055084E /* FrameworkTitleView.swift in Sources */ = {isa = PBXBuildFile; fileRef = 4B1078462AB1A4DD0055084E /* FrameworkTitleView.swift */; };
		4B10784B2AB1A9860055084E /* FrameworkGridViewModel.swift in Sources */ = {isa = PBXBuildFile; fileRef = 4B10784A2AB1A9860055084E /* FrameworkGridViewModel.swift */; };
		4B10784D2AB1A9E60055084E /* FrameworkDetailView.swift in Sources */ = {isa = PBXBuildFile; fileRef = 4B10784C2AB1A9E60055084E /* FrameworkDetailView.swift */; };
		4B10784F2AB1ABB70055084E /* SafariView.swift in Sources */ = {isa = PBXBuildFile; fileRef = 4B10784E2AB1ABB70055084E /* SafariView.swift */; };
/* End PBXBuildFile section */

/* Begin PBXFileReference section */
		4B1078302AB1A3F50055084E /* Practice04_AppleFrameworksGrid.app */ = {isa = PBXFileReference; explicitFileType = wrapper.application; includeInIndex = 0; path = Practice04_AppleFrameworksGrid.app; sourceTree = BUILT_PRODUCTS_DIR; };
		4B1078332AB1A3F50055084E /* Practice04_AppleFrameworksGridApp.swift */ = {isa = PBXFileReference; lastKnownFileType = sourcecode.swift; path = Practice04_AppleFrameworksGridApp.swift; sourceTree = "<group>"; };
		4B1078352AB1A3F50055084E /* FrameworkGridView.swift */ = {isa = PBXFileReference; lastKnownFileType = sourcecode.swift; path = FrameworkGridView.swift; sourceTree = "<group>"; };
		4B1078372AB1A3F70055084E /* Assets.xcassets */ = {isa = PBXFileReference; lastKnownFileType = folder.assetcatalog; path = Assets.xcassets; sourceTree = "<group>"; };
		4B10783A2AB1A3F70055084E /* Preview Assets.xcassets */ = {isa = PBXFileReference; lastKnownFileType = folder.assetcatalog; path = "Preview Assets.xcassets"; sourceTree = "<group>"; };
		4B1078442AB1A4330055084E /* Framework.swift */ = {isa = PBXFileReference; lastKnownFileType = sourcecode.swift; path = Framework.swift; sourceTree = "<group>"; };
		4B1078462AB1A4DD0055084E /* FrameworkTitleView.swift */ = {isa = PBXFileReference; lastKnownFileType = sourcecode.swift; path = FrameworkTitleView.swift; sourceTree = "<group>"; };
		4B10784A2AB1A9860055084E /* FrameworkGridViewModel.swift */ = {isa = PBXFileReference; lastKnownFileType = sourcecode.swift; path = FrameworkGridViewModel.swift; sourceTree = "<group>"; };
		4B10784C2AB1A9E60055084E /* FrameworkDetailView.swift */ = {isa = PBXFileReference; lastKnownFileType = sourcecode.swift; path = FrameworkDetailView.swift; sourceTree = "<group>"; };
		4B10784E2AB1ABB70055084E /* SafariView.swift */ = {isa = PBXFileReference; lastKnownFileType = sourcecode.swift; path = SafariView.swift; sourceTree = "<group>"; };
/* End PBXFileReference section */

/* Begin PBXFrameworksBuildPhase section */
		4B10782D2AB1A3F50055084E /* Frameworks */ = {
			isa = PBXFrameworksBuildPhase;
			buildActionMask = 2147483647;
			files = (
			);
			runOnlyForDeploymentPostprocessing = 0;
		};
/* End PBXFrameworksBuildPhase section */

/* Begin PBXGroup section */
		4B1078272AB1A3F50055084E = {
			isa = PBXGroup;
			children = (
				4B1078322AB1A3F50055084E /* Practice04_AppleFrameworksGrid */,
				4B1078312AB1A3F50055084E /* Products */,
			);
			sourceTree = "<group>";
		};
		4B1078312AB1A3F50055084E /* Products */ = {
			isa = PBXGroup;
			children = (
				4B1078302AB1A3F50055084E /* Practice04_AppleFrameworksGrid.app */,
			);
			name = Products;
			sourceTree = "<group>";
		};
		4B1078322AB1A3F50055084E /* Practice04_AppleFrameworksGrid */ = {
			isa = PBXGroup;
			children = (
				4B1078422AB1A40D0055084E /* Models */,
				4B1078412AB1A4060055084E /* Views */,
				4B1078432AB1A4130055084E /* ViewModels */,
				4B1078332AB1A3F50055084E /* Practice04_AppleFrameworksGridApp.swift */,
				4B1078372AB1A3F70055084E /* Assets.xcassets */,
				4B1078392AB1A3F70055084E /* Preview Content */,
			);
			path = Practice04_AppleFrameworksGrid;
			sourceTree = "<group>";
		};
		4B1078392AB1A3F70055084E /* Preview Content */ = {
			isa = PBXGroup;
			children = (
				4B10783A2AB1A3F70055084E /* Preview Assets.xcassets */,
			);
			path = "Preview Content";
			sourceTree = "<group>";
		};
		4B1078412AB1A4060055084E /* Views */ = {
			isa = PBXGroup;
			children = (
				4B1078352AB1A3F50055084E /* FrameworkGridView.swift */,
				4B1078462AB1A4DD0055084E /* FrameworkTitleView.swift */,
				4B10784C2AB1A9E60055084E /* FrameworkDetailView.swift */,
				4B10784E2AB1ABB70055084E /* SafariView.swift */,
			);
			path = Views;
			sourceTree = "<group>";
		};
		4B1078422AB1A40D0055084E /* Models */ = {
			isa = PBXGroup;
			children = (
				4B1078442AB1A4330055084E /* Framework.swift */,
			);
			path = Models;
			sourceTree = "<group>";
		};
		4B1078432AB1A4130055084E /* ViewModels */ = {
			isa = PBXGroup;
			children = (
				4B10784A2AB1A9860055084E /* FrameworkGridViewModel.swift */,
			);
			path = ViewModels;
			sourceTree = "<group>";
		};
/* End PBXGroup section */

/* Begin PBXNativeTarget section */
		4B10782F2AB1A3F50055084E /* Practice04_AppleFrameworksGrid */ = {
			isa = PBXNativeTarget;
			buildConfigurationList = 4B10783E2AB1A3F70055084E /* Build configuration list for PBXNativeTarget "Practice04_AppleFrameworksGrid" */;
			buildPhases = (
				4B10782C2AB1A3F50055084E /* Sources */,
				4B10782D2AB1A3F50055084E /* Frameworks */,
				4B10782E2AB1A3F50055084E /* Resources */,
			);
			buildRules = (
			);
			dependencies = (
			);
			name = Practice04_AppleFrameworksGrid;
			productName = Practice04_AppleFrameworksGrid;
			productReference = 4B1078302AB1A3F50055084E /* Practice04_AppleFrameworksGrid.app */;
			productType = "com.apple.product-type.application";
		};
/* End PBXNativeTarget section */

/* Begin PBXProject section */
		4B1078282AB1A3F50055084E /* Project object */ = {
			isa = PBXProject;
			attributes = {
				BuildIndependentTargetsInParallel = 1;
				LastSwiftUpdateCheck = 1500;
				LastUpgradeCheck = 1500;
				TargetAttributes = {
					4B10782F2AB1A3F50055084E = {
						CreatedOnToolsVersion = 15.0;
					};
				};
			};
			buildConfigurationList = 4B10782B2AB1A3F50055084E /* Build configuration list for PBXProject "Practice04_AppleFrameworksGrid" */;
			compatibilityVersion = "Xcode 14.0";
			developmentRegion = en;
			hasScannedForEncodings = 0;
			knownRegions = (
				en,
				Base,
			);
			mainGroup = 4B1078272AB1A3F50055084E;
			productRefGroup = 4B1078312AB1A3F50055084E /* Products */;
			projectDirPath = "";
			projectRoot = "";
			targets = (
				4B10782F2AB1A3F50055084E /* Practice04_AppleFrameworksGrid */,
			);
		};
/* End PBXProject section */

/* Begin PBXResourcesBuildPhase section */
		4B10782E2AB1A3F50055084E /* Resources */ = {
			isa = PBXResourcesBuildPhase;
			buildActionMask = 2147483647;
			files = (
				4B10783B2AB1A3F70055084E /* Preview Assets.xcassets in Resources */,
				4B1078382AB1A3F70055084E /* Assets.xcassets in Resources */,
			);
			runOnlyForDeploymentPostprocessing = 0;
		};
/* End PBXResourcesBuildPhase section */

/* Begin PBXSourcesBuildPhase section */
		4B10782C2AB1A3F50055084E /* Sources */ = {
			isa = PBXSourcesBuildPhase;
			buildActionMask = 2147483647;
			files = (
				4B1078362AB1A3F50055084E /* FrameworkGridView.swift in Sources */,
				4B1078452AB1A4330055084E /* Framework.swift in Sources */,
				4B10784D2AB1A9E60055084E /* FrameworkDetailView.swift in Sources */,
				4B1078472AB1A4DD0055084E /* FrameworkTitleView.swift in Sources */,
				4B1078342AB1A3F50055084E /* Practice04_AppleFrameworksGridApp.swift in Sources */,
				4B10784B2AB1A9860055084E /* FrameworkGridViewModel.swift in Sources */,
				4B10784F2AB1ABB70055084E /* SafariView.swift in Sources */,
			);
			runOnlyForDeploymentPostprocessing = 0;
		};
/* End PBXSourcesBuildPhase section */

/* Begin XCBuildConfiguration section */
		4B10783C2AB1A3F70055084E /* Debug */ = {
			isa = XCBuildConfiguration;
			buildSettings = {
				ALWAYS_SEARCH_USER_PATHS = NO;
				ASSETCATALOG_COMPILER_GENERATE_SWIFT_ASSET_SYMBOL_EXTENSIONS = YES;
				CLANG_ANALYZER_NONNULL = YES;
				CLANG_ANALYZER_NUMBER_OBJECT_CONVERSION = YES_AGGRESSIVE;
				CLANG_CXX_LANGUAGE_STANDARD = "gnu++20";
				CLANG_ENABLE_MODULES = YES;
				CLANG_ENABLE_OBJC_ARC = YES;
				CLANG_ENABLE_OBJC_WEAK = YES;
				CLANG_WARN_BLOCK_CAPTURE_AUTORELEASING = YES;
				CLANG_WARN_BOOL_CONVERSION = YES;
				CLANG_WARN_COMMA = YES;
				CLANG_WARN_CONSTANT_CONVERSION = YES;
				CLANG_WARN_DEPRECATED_OBJC_IMPLEMENTATIONS = YES;
				CLANG_WARN_DIRECT_OBJC_ISA_USAGE = YES_ERROR;
				CLANG_WARN_DOCUMENTATION_COMMENTS = YES;
				CLANG_WARN_EMPTY_BODY = YES;
				CLANG_WARN_ENUM_CONVERSION = YES;
				CLANG_WARN_INFINITE_RECURSION = YES;
				CLANG_WARN_INT_CONVERSION = YES;
				CLANG_WARN_NON_LITERAL_NULL_CONVERSION = YES;
				CLANG_WARN_OBJC_IMPLICIT_RETAIN_SELF = YES;
				CLANG_WARN_OBJC_LITERAL_CONVERSION = YES;
				CLANG_WARN_OBJC_ROOT_CLASS = YES_ERROR;
				CLANG_WARN_QUOTED_INCLUDE_IN_FRAMEWORK_HEADER = YES;
				CLANG_WARN_RANGE_LOOP_ANALYSIS = YES;
				CLANG_WARN_STRICT_PROTOTYPES = YES;
				CLANG_WARN_SUSPICIOUS_MOVE = YES;
				CLANG_WARN_UNGUARDED_AVAILABILITY = YES_AGGRESSIVE;
				CLANG_WARN_UNREACHABLE_CODE = YES;
				CLANG_WARN__DUPLICATE_METHOD_MATCH = YES;
				COPY_PHASE_STRIP = NO;
				DEBUG_INFORMATION_FORMAT = dwarf;
				ENABLE_STRICT_OBJC_MSGSEND = YES;
				ENABLE_TESTABILITY = YES;
				ENABLE_USER_SCRIPT_SANDBOXING = YES;
				GCC_C_LANGUAGE_STANDARD = gnu17;
				GCC_DYNAMIC_NO_PIC = NO;
				GCC_NO_COMMON_BLOCKS = YES;
				GCC_OPTIMIZATION_LEVEL = 0;
				GCC_PREPROCESSOR_DEFINITIONS = (
					"DEBUG=1",
					"$(inherited)",
				);
				GCC_WARN_64_TO_32_BIT_CONVERSION = YES;
				GCC_WARN_ABOUT_RETURN_TYPE = YES_ERROR;
				GCC_WARN_UNDECLARED_SELECTOR = YES;
				GCC_WARN_UNINITIALIZED_AUTOS = YES_AGGRESSIVE;
				GCC_WARN_UNUSED_FUNCTION = YES;
				GCC_WARN_UNUSED_VARIABLE = YES;
				IPHONEOS_DEPLOYMENT_TARGET = 17.0;
				LOCALIZATION_PREFERS_STRING_CATALOGS = YES;
				MTL_ENABLE_DEBUG_INFO = INCLUDE_SOURCE;
				MTL_FAST_MATH = YES;
				ONLY_ACTIVE_ARCH = YES;
				SDKROOT = iphoneos;
				SWIFT_ACTIVE_COMPILATION_CONDITIONS = "DEBUG $(inherited)";
				SWIFT_OPTIMIZATION_LEVEL = "-Onone";
			};
			name = Debug;
		};
		4B10783D2AB1A3F70055084E /* Release */ = {
			isa = XCBuildConfiguration;
			buildSettings = {
				ALWAYS_SEARCH_USER_PATHS = NO;
				ASSETCATALOG_COMPILER_GENERATE_SWIFT_ASSET_SYMBOL_EXTENSIONS = YES;
				CLANG_ANALYZER_NONNULL = YES;
				CLANG_ANALYZER_NUMBER_OBJECT_CONVERSION = YES_AGGRESSIVE;
				CLANG_CXX_LANGUAGE_STANDARD = "gnu++20";
				CLANG_ENABLE_MODULES = YES;
				CLANG_ENABLE_OBJC_ARC = YES;
				CLANG_ENABLE_OBJC_WEAK = YES;
				CLANG_WARN_BLOCK_CAPTURE_AUTORELEASING = YES;
				CLANG_WARN_BOOL_CONVERSION = YES;
				CLANG_WARN_COMMA = YES;
				CLANG_WARN_CONSTANT_CONVERSION = YES;
				CLANG_WARN_DEPRECATED_OBJC_IMPLEMENTATIONS = YES;
				CLANG_WARN_DIRECT_OBJC_ISA_USAGE = YES_ERROR;
				CLANG_WARN_DOCUMENTATION_COMMENTS = YES;
				CLANG_WARN_EMPTY_BODY = YES;
				CLANG_WARN_ENUM_CONVERSION = YES;
				CLANG_WARN_INFINITE_RECURSION = YES;
				CLANG_WARN_INT_CONVERSION = YES;
				CLANG_WARN_NON_LITERAL_NULL_CONVERSION = YES;
				CLANG_WARN_OBJC_IMPLICIT_RETAIN_SELF = YES;
				CLANG_WARN_OBJC_LITERAL_CONVERSION = YES;
				CLANG_WARN_OBJC_ROOT_CLASS = YES_ERROR;
				CLANG_WARN_QUOTED_INCLUDE_IN_FRAMEWORK_HEADER = YES;
				CLANG_WARN_RANGE_LOOP_ANALYSIS = YES;
				CLANG_WARN_STRICT_PROTOTYPES = YES;
				CLANG_WARN_SUSPICIOUS_MOVE = YES;
				CLANG_WARN_UNGUARDED_AVAILABILITY = YES_AGGRESSIVE;
				CLANG_WARN_UNREACHABLE_CODE = YES;
				CLANG_WARN__DUPLICATE_METHOD_MATCH = YES;
				COPY_PHASE_STRIP = NO;
				DEBUG_INFORMATION_FORMAT = "dwarf-with-dsym";
				ENABLE_NS_ASSERTIONS = NO;
				ENABLE_STRICT_OBJC_MSGSEND = YES;
				ENABLE_USER_SCRIPT_SANDBOXING = YES;
				GCC_C_LANGUAGE_STANDARD = gnu17;
				GCC_NO_COMMON_BLOCKS = YES;
				GCC_WARN_64_TO_32_BIT_CONVERSION = YES;
				GCC_WARN_ABOUT_RETURN_TYPE = YES_ERROR;
				GCC_WARN_UNDECLARED_SELECTOR = YES;
				GCC_WARN_UNINITIALIZED_AUTOS = YES_AGGRESSIVE;
				GCC_WARN_UNUSED_FUNCTION = YES;
				GCC_WARN_UNUSED_VARIABLE = YES;
				IPHONEOS_DEPLOYMENT_TARGET = 17.0;
				LOCALIZATION_PREFERS_STRING_CATALOGS = YES;
				MTL_ENABLE_DEBUG_INFO = NO;
				MTL_FAST_MATH = YES;
				SDKROOT = iphoneos;
				SWIFT_COMPILATION_MODE = wholemodule;
				VALIDATE_PRODUCT = YES;
			};
			name = Release;
		};
		4B10783F2AB1A3F70055084E /* Debug */ = {
			isa = XCBuildConfiguration;
			buildSettings = {
				ASSETCATALOG_COMPILER_APPICON_NAME = AppIcon;
				ASSETCATALOG_COMPILER_GLOBAL_ACCENT_COLOR_NAME = AccentColor;
				CODE_SIGN_STYLE = Automatic;
				CURRENT_PROJECT_VERSION = 1;
				DEVELOPMENT_ASSET_PATHS = "\"Practice04_AppleFrameworksGrid/Preview Content\"";
				DEVELOPMENT_TEAM = P9TVSH3F53;
				ENABLE_PREVIEWS = YES;
				GENERATE_INFOPLIST_FILE = YES;
				INFOPLIST_KEY_UIApplicationSceneManifest_Generation = YES;
				INFOPLIST_KEY_UIApplicationSupportsIndirectInputEvents = YES;
				INFOPLIST_KEY_UILaunchScreen_Generation = YES;
				INFOPLIST_KEY_UISupportedInterfaceOrientations_iPad = "UIInterfaceOrientationPortrait UIInterfaceOrientationPortraitUpsideDown UIInterfaceOrientationLandscapeLeft UIInterfaceOrientationLandscapeRight";
				INFOPLIST_KEY_UISupportedInterfaceOrientations_iPhone = "UIInterfaceOrientationPortrait UIInterfaceOrientationLandscapeLeft UIInterfaceOrientationLandscapeRight";
				LD_RUNPATH_SEARCH_PATHS = (
					"$(inherited)",
					"@executable_path/Frameworks",
				);
				MARKETING_VERSION = 1.0;
				PRODUCT_BUNDLE_IDENTIFIER = "com.yuchen.Practice04-AppleFrameworksGrid";
				PRODUCT_NAME = "$(TARGET_NAME)";
				SWIFT_EMIT_LOC_STRINGS = YES;
				SWIFT_VERSION = 5.0;
				TARGETED_DEVICE_FAMILY = "1,2";
			};
			name = Debug;
		};
		4B1078402AB1A3F70055084E /* Release */ = {
			isa = XCBuildConfiguration;
			buildSettings = {
				ASSETCATALOG_COMPILER_APPICON_NAME = AppIcon;
				ASSETCATALOG_COMPILER_GLOBAL_ACCENT_COLOR_NAME = AccentColor;
				CODE_SIGN_STYLE = Automatic;
				CURRENT_PROJECT_VERSION = 1;
				DEVELOPMENT_ASSET_PATHS = "\"Practice04_AppleFrameworksGrid/Preview Content\"";
				DEVELOPMENT_TEAM = P9TVSH3F53;
				ENABLE_PREVIEWS = YES;
				GENERATE_INFOPLIST_FILE = YES;
				INFOPLIST_KEY_UIApplicationSceneManifest_Generation = YES;
				INFOPLIST_KEY_UIApplicationSupportsIndirectInputEvents = YES;
				INFOPLIST_KEY_UILaunchScreen_Generation = YES;
				INFOPLIST_KEY_UISupportedInterfaceOrientations_iPad = "UIInterfaceOrientationPortrait UIInterfaceOrientationPortraitUpsideDown UIInterfaceOrientationLandscapeLeft UIInterfaceOrientationLandscapeRight";
				INFOPLIST_KEY_UISupportedInterfaceOrientations_iPhone = "UIInterfaceOrientationPortrait UIInterfaceOrientationLandscapeLeft UIInterfaceOrientationLandscapeRight";
				LD_RUNPATH_SEARCH_PATHS = (
					"$(inherited)",
					"@executable_path/Frameworks",
				);
				MARKETING_VERSION = 1.0;
				PRODUCT_BUNDLE_IDENTIFIER = "com.yuchen.Practice04-AppleFrameworksGrid";
				PRODUCT_NAME = "$(TARGET_NAME)";
				SWIFT_EMIT_LOC_STRINGS = YES;
				SWIFT_VERSION = 5.0;
				TARGETED_DEVICE_FAMILY = "1,2";
			};
			name = Release;
		};
/* End XCBuildConfiguration section */

/* Begin XCConfigurationList section */
		4B10782B2AB1A3F50055084E /* Build configuration list for PBXProject "Practice04_AppleFrameworksGrid" */ = {
			isa = XCConfigurationList;
			buildConfigurations = (
				4B10783C2AB1A3F70055084E /* Debug */,
				4B10783D2AB1A3F70055084E /* Release */,
			);
			defaultConfigurationIsVisible = 0;
			defaultConfigurationName = Release;
		};
		4B10783E2AB1A3F70055084E /* Build configuration list for PBXNativeTarget "Practice04_AppleFrameworksGrid" */ = {
			isa = XCConfigurationList;
			buildConfigurations = (
				4B10783F2AB1A3F70055084E /* Debug */,
				4B1078402AB1A3F70055084E /* Release */,
			);
			defaultConfigurationIsVisible = 0;
			defaultConfigurationName = Release;
		};
/* End XCConfigurationList section */
	};
	rootObject = 4B1078282AB1A3F50055084E /* Project object */;
}
