// !$*UTF8*$!
{
	archiveVersion = 1;
	classes = {
	};
	objectVersion = 56;
	objects = {

/* Begin PBXBuildFile section */
		4B24E8E22AB4357500C324A2 /* Practice06_AppetizerOrderingApp.swift in Sources */ = {isa = PBXBuildFile; fileRef = 4B24E8E12AB4357500C324A2 /* Practice06_AppetizerOrderingApp.swift */; };
		4B24E8E42AB4357500C324A2 /* AppetizerTabView.swift in Sources */ = {isa = PBXBuildFile; fileRef = 4B24E8E32AB4357500C324A2 /* AppetizerTabView.swift */; };
		4B24E8E62AB4357700C324A2 /* Assets.xcassets in Resources */ = {isa = PBXBuildFile; fileRef = 4B24E8E52AB4357700C324A2 /* Assets.xcassets */; };
		4B24E8E92AB4357700C324A2 /* Preview Assets.xcassets in Resources */ = {isa = PBXBuildFile; fileRef = 4B24E8E82AB4357700C324A2 /* Preview Assets.xcassets */; };
		4B24E8F32AB435D200C324A2 /* AppetizerListViewModel.swift in Sources */ = {isa = PBXBuildFile; fileRef = 4B24E8F22AB435D200C324A2 /* AppetizerListViewModel.swift */; };
		4B24E8F52AB435DD00C324A2 /* AppetizerListView.swift in Sources */ = {isa = PBXBuildFile; fileRef = 4B24E8F42AB435DD00C324A2 /* AppetizerListView.swift */; };
		4B24E8F72AB435EA00C324A2 /* AccountView.swift in Sources */ = {isa = PBXBuildFile; fileRef = 4B24E8F62AB435EA00C324A2 /* AccountView.swift */; };
		4B24E8F92AB435F400C324A2 /* OrderView.swift in Sources */ = {isa = PBXBuildFile; fileRef = 4B24E8F82AB435F400C324A2 /* OrderView.swift */; };
		4B24E8FB2AB4363700C324A2 /* Appetizer.swift in Sources */ = {isa = PBXBuildFile; fileRef = 4B24E8FA2AB4363700C324A2 /* Appetizer.swift */; };
		4B24E8FE2AB436D000C324A2 /* NetworkManager.swift in Sources */ = {isa = PBXBuildFile; fileRef = 4B24E8FD2AB436D000C324A2 /* NetworkManager.swift */; };
		4B24E9002AB4372900C324A2 /* APError.swift in Sources */ = {isa = PBXBuildFile; fileRef = 4B24E8FF2AB4372900C324A2 /* APError.swift */; };
		4B24E9022AB43B2A00C324A2 /* AppetizerListCellView.swift in Sources */ = {isa = PBXBuildFile; fileRef = 4B24E9012AB43B2A00C324A2 /* AppetizerListCellView.swift */; };
/* End PBXBuildFile section */

/* Begin PBXFileReference section */
		4B24E8DE2AB4357500C324A2 /* Practice06_AppetizerOrdering.app */ = {isa = PBXFileReference; explicitFileType = wrapper.application; includeInIndex = 0; path = Practice06_AppetizerOrdering.app; sourceTree = BUILT_PRODUCTS_DIR; };
		4B24E8E12AB4357500C324A2 /* Practice06_AppetizerOrderingApp.swift */ = {isa = PBXFileReference; lastKnownFileType = sourcecode.swift; path = Practice06_AppetizerOrderingApp.swift; sourceTree = "<group>"; };
		4B24E8E32AB4357500C324A2 /* AppetizerTabView.swift */ = {isa = PBXFileReference; lastKnownFileType = sourcecode.swift; path = AppetizerTabView.swift; sourceTree = "<group>"; };
		4B24E8E52AB4357700C324A2 /* Assets.xcassets */ = {isa = PBXFileReference; lastKnownFileType = folder.assetcatalog; path = Assets.xcassets; sourceTree = "<group>"; };
		4B24E8E82AB4357700C324A2 /* Preview Assets.xcassets */ = {isa = PBXFileReference; lastKnownFileType = folder.assetcatalog; path = "Preview Assets.xcassets"; sourceTree = "<group>"; };
		4B24E8F22AB435D200C324A2 /* AppetizerListViewModel.swift */ = {isa = PBXFileReference; lastKnownFileType = sourcecode.swift; path = AppetizerListViewModel.swift; sourceTree = "<group>"; };
		4B24E8F42AB435DD00C324A2 /* AppetizerListView.swift */ = {isa = PBXFileReference; lastKnownFileType = sourcecode.swift; path = AppetizerListView.swift; sourceTree = "<group>"; };
		4B24E8F62AB435EA00C324A2 /* AccountView.swift */ = {isa = PBXFileReference; lastKnownFileType = sourcecode.swift; path = AccountView.swift; sourceTree = "<group>"; };
		4B24E8F82AB435F400C324A2 /* OrderView.swift */ = {isa = PBXFileReference; lastKnownFileType = sourcecode.swift; path = OrderView.swift; sourceTree = "<group>"; };
		4B24E8FA2AB4363700C324A2 /* Appetizer.swift */ = {isa = PBXFileReference; lastKnownFileType = sourcecode.swift; path = Appetizer.swift; sourceTree = "<group>"; };
		4B24E8FD2AB436D000C324A2 /* NetworkManager.swift */ = {isa = PBXFileReference; lastKnownFileType = sourcecode.swift; path = NetworkManager.swift; sourceTree = "<group>"; };
		4B24E8FF2AB4372900C324A2 /* APError.swift */ = {isa = PBXFileReference; lastKnownFileType = sourcecode.swift; path = APError.swift; sourceTree = "<group>"; };
		4B24E9012AB43B2A00C324A2 /* AppetizerListCellView.swift */ = {isa = PBXFileReference; lastKnownFileType = sourcecode.swift; path = AppetizerListCellView.swift; sourceTree = "<group>"; };
/* End PBXFileReference section */

/* Begin PBXFrameworksBuildPhase section */
		4B24E8DB2AB4357500C324A2 /* Frameworks */ = {
			isa = PBXFrameworksBuildPhase;
			buildActionMask = 2147483647;
			files = (
			);
			runOnlyForDeploymentPostprocessing = 0;
		};
/* End PBXFrameworksBuildPhase section */

/* Begin PBXGroup section */
		4B24E8D52AB4357500C324A2 = {
			isa = PBXGroup;
			children = (
				4B24E8E02AB4357500C324A2 /* Practice06_AppetizerOrdering */,
				4B24E8DF2AB4357500C324A2 /* Products */,
			);
			sourceTree = "<group>";
		};
		4B24E8DF2AB4357500C324A2 /* Products */ = {
			isa = PBXGroup;
			children = (
				4B24E8DE2AB4357500C324A2 /* Practice06_AppetizerOrdering.app */,
			);
			name = Products;
			sourceTree = "<group>";
		};
		4B24E8E02AB4357500C324A2 /* Practice06_AppetizerOrdering */ = {
			isa = PBXGroup;
			children = (
				4B24E8F12AB435B100C324A2 /* ViewModels */,
				4B24E8F02AB435AC00C324A2 /* Views */,
				4B24E8EF2AB435A500C324A2 /* Models */,
				4B24E8FC2AB436C000C324A2 /* Utilities */,
				4B24E8E12AB4357500C324A2 /* Practice06_AppetizerOrderingApp.swift */,
				4B24E8E52AB4357700C324A2 /* Assets.xcassets */,
				4B24E8E72AB4357700C324A2 /* Preview Content */,
			);
			path = Practice06_AppetizerOrdering;
			sourceTree = "<group>";
		};
		4B24E8E72AB4357700C324A2 /* Preview Content */ = {
			isa = PBXGroup;
			children = (
				4B24E8E82AB4357700C324A2 /* Preview Assets.xcassets */,
			);
			path = "Preview Content";
			sourceTree = "<group>";
		};
		4B24E8EF2AB435A500C324A2 /* Models */ = {
			isa = PBXGroup;
			children = (
				4B24E8FA2AB4363700C324A2 /* Appetizer.swift */,
			);
			path = Models;
			sourceTree = "<group>";
		};
		4B24E8F02AB435AC00C324A2 /* Views */ = {
			isa = PBXGroup;
			children = (
				4B24E8E32AB4357500C324A2 /* AppetizerTabView.swift */,
				4B24E8F42AB435DD00C324A2 /* AppetizerListView.swift */,
				4B24E9012AB43B2A00C324A2 /* AppetizerListCellView.swift */,
				4B24E8F62AB435EA00C324A2 /* AccountView.swift */,
				4B24E8F82AB435F400C324A2 /* OrderView.swift */,
			);
			path = Views;
			sourceTree = "<group>";
		};
		4B24E8F12AB435B100C324A2 /* ViewModels */ = {
			isa = PBXGroup;
			children = (
				4B24E8F22AB435D200C324A2 /* AppetizerListViewModel.swift */,
			);
			path = ViewModels;
			sourceTree = "<group>";
		};
		4B24E8FC2AB436C000C324A2 /* Utilities */ = {
			isa = PBXGroup;
			children = (
				4B24E8FD2AB436D000C324A2 /* NetworkManager.swift */,
				4B24E8FF2AB4372900C324A2 /* APError.swift */,
			);
			path = Utilities;
			sourceTree = "<group>";
		};
/* End PBXGroup section */

/* Begin PBXNativeTarget section */
		4B24E8DD2AB4357500C324A2 /* Practice06_AppetizerOrdering */ = {
			isa = PBXNativeTarget;
			buildConfigurationList = 4B24E8EC2AB4357700C324A2 /* Build configuration list for PBXNativeTarget "Practice06_AppetizerOrdering" */;
			buildPhases = (
				4B24E8DA2AB4357500C324A2 /* Sources */,
				4B24E8DB2AB4357500C324A2 /* Frameworks */,
				4B24E8DC2AB4357500C324A2 /* Resources */,
			);
			buildRules = (
			);
			dependencies = (
			);
			name = Practice06_AppetizerOrdering;
			productName = Practice06_AppetizerOrdering;
			productReference = 4B24E8DE2AB4357500C324A2 /* Practice06_AppetizerOrdering.app */;
			productType = "com.apple.product-type.application";
		};
/* End PBXNativeTarget section */

/* Begin PBXProject section */
		4B24E8D62AB4357500C324A2 /* Project object */ = {
			isa = PBXProject;
			attributes = {
				BuildIndependentTargetsInParallel = 1;
				LastSwiftUpdateCheck = 1500;
				LastUpgradeCheck = 1500;
				TargetAttributes = {
					4B24E8DD2AB4357500C324A2 = {
						CreatedOnToolsVersion = 15.0;
					};
				};
			};
			buildConfigurationList = 4B24E8D92AB4357500C324A2 /* Build configuration list for PBXProject "Practice06_AppetizerOrdering" */;
			compatibilityVersion = "Xcode 14.0";
			developmentRegion = en;
			hasScannedForEncodings = 0;
			knownRegions = (
				en,
				Base,
			);
			mainGroup = 4B24E8D52AB4357500C324A2;
			productRefGroup = 4B24E8DF2AB4357500C324A2 /* Products */;
			projectDirPath = "";
			projectRoot = "";
			targets = (
				4B24E8DD2AB4357500C324A2 /* Practice06_AppetizerOrdering */,
			);
		};
/* End PBXProject section */

/* Begin PBXResourcesBuildPhase section */
		4B24E8DC2AB4357500C324A2 /* Resources */ = {
			isa = PBXResourcesBuildPhase;
			buildActionMask = 2147483647;
			files = (
				4B24E8E92AB4357700C324A2 /* Preview Assets.xcassets in Resources */,
				4B24E8E62AB4357700C324A2 /* Assets.xcassets in Resources */,
			);
			runOnlyForDeploymentPostprocessing = 0;
		};
/* End PBXResourcesBuildPhase section */

/* Begin PBXSourcesBuildPhase section */
		4B24E8DA2AB4357500C324A2 /* Sources */ = {
			isa = PBXSourcesBuildPhase;
			buildActionMask = 2147483647;
			files = (
				4B24E8E42AB4357500C324A2 /* AppetizerTabView.swift in Sources */,
				4B24E9002AB4372900C324A2 /* APError.swift in Sources */,
				4B24E8F52AB435DD00C324A2 /* AppetizerListView.swift in Sources */,
				4B24E8F32AB435D200C324A2 /* AppetizerListViewModel.swift in Sources */,
				4B24E8F92AB435F400C324A2 /* OrderView.swift in Sources */,
				4B24E8FE2AB436D000C324A2 /* NetworkManager.swift in Sources */,
				4B24E8FB2AB4363700C324A2 /* Appetizer.swift in Sources */,
				4B24E9022AB43B2A00C324A2 /* AppetizerListCellView.swift in Sources */,
				4B24E8E22AB4357500C324A2 /* Practice06_AppetizerOrderingApp.swift in Sources */,
				4B24E8F72AB435EA00C324A2 /* AccountView.swift in Sources */,
			);
			runOnlyForDeploymentPostprocessing = 0;
		};
/* End PBXSourcesBuildPhase section */

/* Begin XCBuildConfiguration section */
		4B24E8EA2AB4357700C324A2 /* Debug */ = {
			isa = XCBuildConfiguration;
			buildSettings = {
				ALWAYS_SEARCH_USER_PATHS = NO;
				ASSETCATALOG_COMPILER_GENERATE_SWIFT_ASSET_SYMBOL_EXTENSIONS = YES;
				CLANG_ANALYZER_NONNULL = YES;
				CLANG_ANALYZER_NUMBER_OBJECT_CONVERSION = YES_AGGRESSIVE;
				CLANG_CXX_LANGUAGE_STANDARD = "gnu++20";
				CLANG_ENABLE_MODULES = YES;
				CLANG_ENABLE_OBJC_ARC = YES;
				CLANG_ENABLE_OBJC_WEAK = YES;
				CLANG_WARN_BLOCK_CAPTURE_AUTORELEASING = YES;
				CLANG_WARN_BOOL_CONVERSION = YES;
				CLANG_WARN_COMMA = YES;
				CLANG_WARN_CONSTANT_CONVERSION = YES;
				CLANG_WARN_DEPRECATED_OBJC_IMPLEMENTATIONS = YES;
				CLANG_WARN_DIRECT_OBJC_ISA_USAGE = YES_ERROR;
				CLANG_WARN_DOCUMENTATION_COMMENTS = YES;
				CLANG_WARN_EMPTY_BODY = YES;
				CLANG_WARN_ENUM_CONVERSION = YES;
				CLANG_WARN_INFINITE_RECURSION = YES;
				CLANG_WARN_INT_CONVERSION = YES;
				CLANG_WARN_NON_LITERAL_NULL_CONVERSION = YES;
				CLANG_WARN_OBJC_IMPLICIT_RETAIN_SELF = YES;
				CLANG_WARN_OBJC_LITERAL_CONVERSION = YES;
				CLANG_WARN_OBJC_ROOT_CLASS = YES_ERROR;
				CLANG_WARN_QUOTED_INCLUDE_IN_FRAMEWORK_HEADER = YES;
				CLANG_WARN_RANGE_LOOP_ANALYSIS = YES;
				CLANG_WARN_STRICT_PROTOTYPES = YES;
				CLANG_WARN_SUSPICIOUS_MOVE = YES;
				CLANG_WARN_UNGUARDED_AVAILABILITY = YES_AGGRESSIVE;
				CLANG_WARN_UNREACHABLE_CODE = YES;
				CLANG_WARN__DUPLICATE_METHOD_MATCH = YES;
				COPY_PHASE_STRIP = NO;
				DEBUG_INFORMATION_FORMAT = dwarf;
				ENABLE_STRICT_OBJC_MSGSEND = YES;
				ENABLE_TESTABILITY = YES;
				ENABLE_USER_SCRIPT_SANDBOXING = YES;
				GCC_C_LANGUAGE_STANDARD = gnu17;
				GCC_DYNAMIC_NO_PIC = NO;
				GCC_NO_COMMON_BLOCKS = YES;
				GCC_OPTIMIZATION_LEVEL = 0;
				GCC_PREPROCESSOR_DEFINITIONS = (
					"DEBUG=1",
					"$(inherited)",
				);
				GCC_WARN_64_TO_32_BIT_CONVERSION = YES;
				GCC_WARN_ABOUT_RETURN_TYPE = YES_ERROR;
				GCC_WARN_UNDECLARED_SELECTOR = YES;
				GCC_WARN_UNINITIALIZED_AUTOS = YES_AGGRESSIVE;
				GCC_WARN_UNUSED_FUNCTION = YES;
				GCC_WARN_UNUSED_VARIABLE = YES;
				IPHONEOS_DEPLOYMENT_TARGET = 17.0;
				LOCALIZATION_PREFERS_STRING_CATALOGS = YES;
				MTL_ENABLE_DEBUG_INFO = INCLUDE_SOURCE;
				MTL_FAST_MATH = YES;
				ONLY_ACTIVE_ARCH = YES;
				SDKROOT = iphoneos;
				SWIFT_ACTIVE_COMPILATION_CONDITIONS = "DEBUG $(inherited)";
				SWIFT_OPTIMIZATION_LEVEL = "-Onone";
			};
			name = Debug;
		};
		4B24E8EB2AB4357700C324A2 /* Release */ = {
			isa = XCBuildConfiguration;
			buildSettings = {
				ALWAYS_SEARCH_USER_PATHS = NO;
				ASSETCATALOG_COMPILER_GENERATE_SWIFT_ASSET_SYMBOL_EXTENSIONS = YES;
				CLANG_ANALYZER_NONNULL = YES;
				CLANG_ANALYZER_NUMBER_OBJECT_CONVERSION = YES_AGGRESSIVE;
				CLANG_CXX_LANGUAGE_STANDARD = "gnu++20";
				CLANG_ENABLE_MODULES = YES;
				CLANG_ENABLE_OBJC_ARC = YES;
				CLANG_ENABLE_OBJC_WEAK = YES;
				CLANG_WARN_BLOCK_CAPTURE_AUTORELEASING = YES;
				CLANG_WARN_BOOL_CONVERSION = YES;
				CLANG_WARN_COMMA = YES;
				CLANG_WARN_CONSTANT_CONVERSION = YES;
				CLANG_WARN_DEPRECATED_OBJC_IMPLEMENTATIONS = YES;
				CLANG_WARN_DIRECT_OBJC_ISA_USAGE = YES_ERROR;
				CLANG_WARN_DOCUMENTATION_COMMENTS = YES;
				CLANG_WARN_EMPTY_BODY = YES;
				CLANG_WARN_ENUM_CONVERSION = YES;
				CLANG_WARN_INFINITE_RECURSION = YES;
				CLANG_WARN_INT_CONVERSION = YES;
				CLANG_WARN_NON_LITERAL_NULL_CONVERSION = YES;
				CLANG_WARN_OBJC_IMPLICIT_RETAIN_SELF = YES;
				CLANG_WARN_OBJC_LITERAL_CONVERSION = YES;
				CLANG_WARN_OBJC_ROOT_CLASS = YES_ERROR;
				CLANG_WARN_QUOTED_INCLUDE_IN_FRAMEWORK_HEADER = YES;
				CLANG_WARN_RANGE_LOOP_ANALYSIS = YES;
				CLANG_WARN_STRICT_PROTOTYPES = YES;
				CLANG_WARN_SUSPICIOUS_MOVE = YES;
				CLANG_WARN_UNGUARDED_AVAILABILITY = YES_AGGRESSIVE;
				CLANG_WARN_UNREACHABLE_CODE = YES;
				CLANG_WARN__DUPLICATE_METHOD_MATCH = YES;
				COPY_PHASE_STRIP = NO;
				DEBUG_INFORMATION_FORMAT = "dwarf-with-dsym";
				ENABLE_NS_ASSERTIONS = NO;
				ENABLE_STRICT_OBJC_MSGSEND = YES;
				ENABLE_USER_SCRIPT_SANDBOXING = YES;
				GCC_C_LANGUAGE_STANDARD = gnu17;
				GCC_NO_COMMON_BLOCKS = YES;
				GCC_WARN_64_TO_32_BIT_CONVERSION = YES;
				GCC_WARN_ABOUT_RETURN_TYPE = YES_ERROR;
				GCC_WARN_UNDECLARED_SELECTOR = YES;
				GCC_WARN_UNINITIALIZED_AUTOS = YES_AGGRESSIVE;
				GCC_WARN_UNUSED_FUNCTION = YES;
				GCC_WARN_UNUSED_VARIABLE = YES;
				IPHONEOS_DEPLOYMENT_TARGET = 17.0;
				LOCALIZATION_PREFERS_STRING_CATALOGS = YES;
				MTL_ENABLE_DEBUG_INFO = NO;
				MTL_FAST_MATH = YES;
				SDKROOT = iphoneos;
				SWIFT_COMPILATION_MODE = wholemodule;
				VALIDATE_PRODUCT = YES;
			};
			name = Release;
		};
		4B24E8ED2AB4357700C324A2 /* Debug */ = {
			isa = XCBuildConfiguration;
			buildSettings = {
				ASSETCATALOG_COMPILER_APPICON_NAME = AppIcon;
				ASSETCATALOG_COMPILER_GLOBAL_ACCENT_COLOR_NAME = AccentColor;
				CODE_SIGN_STYLE = Automatic;
				CURRENT_PROJECT_VERSION = 1;
				DEVELOPMENT_ASSET_PATHS = "\"Practice06_AppetizerOrdering/Preview Content\"";
				DEVELOPMENT_TEAM = P9TVSH3F53;
				ENABLE_PREVIEWS = YES;
				GENERATE_INFOPLIST_FILE = YES;
				INFOPLIST_KEY_UIApplicationSceneManifest_Generation = YES;
				INFOPLIST_KEY_UIApplicationSupportsIndirectInputEvents = YES;
				INFOPLIST_KEY_UILaunchScreen_Generation = YES;
				INFOPLIST_KEY_UISupportedInterfaceOrientations_iPad = "UIInterfaceOrientationPortrait UIInterfaceOrientationPortraitUpsideDown UIInterfaceOrientationLandscapeLeft UIInterfaceOrientationLandscapeRight";
				INFOPLIST_KEY_UISupportedInterfaceOrientations_iPhone = "UIInterfaceOrientationPortrait UIInterfaceOrientationLandscapeLeft UIInterfaceOrientationLandscapeRight";
				LD_RUNPATH_SEARCH_PATHS = (
					"$(inherited)",
					"@executable_path/Frameworks",
				);
				MARKETING_VERSION = 1.0;
				PRODUCT_BUNDLE_IDENTIFIER = "com.yuchen.Practice06-AppetizerOrdering";
				PRODUCT_NAME = "$(TARGET_NAME)";
				SWIFT_EMIT_LOC_STRINGS = YES;
				SWIFT_VERSION = 5.0;
				TARGETED_DEVICE_FAMILY = "1,2";
			};
			name = Debug;
		};
		4B24E8EE2AB4357700C324A2 /* Release */ = {
			isa = XCBuildConfiguration;
			buildSettings = {
				ASSETCATALOG_COMPILER_APPICON_NAME = AppIcon;
				ASSETCATALOG_COMPILER_GLOBAL_ACCENT_COLOR_NAME = AccentColor;
				CODE_SIGN_STYLE = Automatic;
				CURRENT_PROJECT_VERSION = 1;
				DEVELOPMENT_ASSET_PATHS = "\"Practice06_AppetizerOrdering/Preview Content\"";
				DEVELOPMENT_TEAM = P9TVSH3F53;
				ENABLE_PREVIEWS = YES;
				GENERATE_INFOPLIST_FILE = YES;
				INFOPLIST_KEY_UIApplicationSceneManifest_Generation = YES;
				INFOPLIST_KEY_UIApplicationSupportsIndirectInputEvents = YES;
				INFOPLIST_KEY_UILaunchScreen_Generation = YES;
				INFOPLIST_KEY_UISupportedInterfaceOrientations_iPad = "UIInterfaceOrientationPortrait UIInterfaceOrientationPortraitUpsideDown UIInterfaceOrientationLandscapeLeft UIInterfaceOrientationLandscapeRight";
				INFOPLIST_KEY_UISupportedInterfaceOrientations_iPhone = "UIInterfaceOrientationPortrait UIInterfaceOrientationLandscapeLeft UIInterfaceOrientationLandscapeRight";
				LD_RUNPATH_SEARCH_PATHS = (
					"$(inherited)",
					"@executable_path/Frameworks",
				);
				MARKETING_VERSION = 1.0;
				PRODUCT_BUNDLE_IDENTIFIER = "com.yuchen.Practice06-AppetizerOrdering";
				PRODUCT_NAME = "$(TARGET_NAME)";
				SWIFT_EMIT_LOC_STRINGS = YES;
				SWIFT_VERSION = 5.0;
				TARGETED_DEVICE_FAMILY = "1,2";
			};
			name = Release;
		};
/* End XCBuildConfiguration section */

/* Begin XCConfigurationList section */
		4B24E8D92AB4357500C324A2 /* Build configuration list for PBXProject "Practice06_AppetizerOrdering" */ = {
			isa = XCConfigurationList;
			buildConfigurations = (
				4B24E8EA2AB4357700C324A2 /* Debug */,
				4B24E8EB2AB4357700C324A2 /* Release */,
			);
			defaultConfigurationIsVisible = 0;
			defaultConfigurationName = Release;
		};
		4B24E8EC2AB4357700C324A2 /* Build configuration list for PBXNativeTarget "Practice06_AppetizerOrdering" */ = {
			isa = XCConfigurationList;
			buildConfigurations = (
				4B24E8ED2AB4357700C324A2 /* Debug */,
				4B24E8EE2AB4357700C324A2 /* Release */,
			);
			defaultConfigurationIsVisible = 0;
			defaultConfigurationName = Release;
		};
/* End XCConfigurationList section */
	};
	rootObject = 4B24E8D62AB4357500C324A2 /* Project object */;
}
