// !$*UTF8*$!
{
	archiveVersion = 1;
	classes = {
	};
	objectVersion = 56;
	objects = {

/* Begin PBXBuildFile section */
		4B887DB12AB2CB1100228E95 /* Practice05_BarcodeScannerApp.swift in Sources */ = {isa = PBXBuildFile; fileRef = 4B887DB02AB2CB1100228E95 /* Practice05_BarcodeScannerApp.swift */; };
		4B887DB32AB2CB1100228E95 /* BarcodeScannerView.swift in Sources */ = {isa = PBXBuildFile; fileRef = 4B887DB22AB2CB1100228E95 /* BarcodeScannerView.swift */; };
		4B887DB52AB2CB1300228E95 /* Assets.xcassets in Resources */ = {isa = PBXBuildFile; fileRef = 4B887DB42AB2CB1300228E95 /* Assets.xcassets */; };
		4B887DB82AB2CB1300228E95 /* Preview Assets.xcassets in Resources */ = {isa = PBXBuildFile; fileRef = 4B887DB72AB2CB1300228E95 /* Preview Assets.xcassets */; };
		4B887DC12AB2CB5300228E95 /* BarcodeScannerViewModel.swift in Sources */ = {isa = PBXBuildFile; fileRef = 4B887DC02AB2CB5300228E95 /* BarcodeScannerViewModel.swift */; };
		4B887DC42AB2CB8300228E95 /* Alert.swift in Sources */ = {isa = PBXBuildFile; fileRef = 4B887DC32AB2CB8300228E95 /* Alert.swift */; };
		4B887DC72AB2CF1300228E95 /* ScannerVC.swift in Sources */ = {isa = PBXBuildFile; fileRef = 4B887DC62AB2CF1300228E95 /* ScannerVC.swift */; };
		4B887DC92AB2D1C000228E95 /* ScannerView.swift in Sources */ = {isa = PBXBuildFile; fileRef = 4B887DC82AB2D1C000228E95 /* ScannerView.swift */; };
/* End PBXBuildFile section */

/* Begin PBXFileReference section */
		4B887DAD2AB2CB1100228E95 /* Practice05_BarcodeScanner.app */ = {isa = PBXFileReference; explicitFileType = wrapper.application; includeInIndex = 0; path = Practice05_BarcodeScanner.app; sourceTree = BUILT_PRODUCTS_DIR; };
		4B887DB02AB2CB1100228E95 /* Practice05_BarcodeScannerApp.swift */ = {isa = PBXFileReference; lastKnownFileType = sourcecode.swift; path = Practice05_BarcodeScannerApp.swift; sourceTree = "<group>"; };
		4B887DB22AB2CB1100228E95 /* BarcodeScannerView.swift */ = {isa = PBXFileReference; lastKnownFileType = sourcecode.swift; path = BarcodeScannerView.swift; sourceTree = "<group>"; };
		4B887DB42AB2CB1300228E95 /* Assets.xcassets */ = {isa = PBXFileReference; lastKnownFileType = folder.assetcatalog; path = Assets.xcassets; sourceTree = "<group>"; };
		4B887DB72AB2CB1300228E95 /* Preview Assets.xcassets */ = {isa = PBXFileReference; lastKnownFileType = folder.assetcatalog; path = "Preview Assets.xcassets"; sourceTree = "<group>"; };
		4B887DC02AB2CB5300228E95 /* BarcodeScannerViewModel.swift */ = {isa = PBXFileReference; lastKnownFileType = sourcecode.swift; path = BarcodeScannerViewModel.swift; sourceTree = "<group>"; };
		4B887DC32AB2CB8300228E95 /* Alert.swift */ = {isa = PBXFileReference; lastKnownFileType = sourcecode.swift; path = Alert.swift; sourceTree = "<group>"; };
		4B887DC62AB2CF1300228E95 /* ScannerVC.swift */ = {isa = PBXFileReference; lastKnownFileType = sourcecode.swift; path = ScannerVC.swift; sourceTree = "<group>"; };
		4B887DC82AB2D1C000228E95 /* ScannerView.swift */ = {isa = PBXFileReference; lastKnownFileType = sourcecode.swift; path = ScannerView.swift; sourceTree = "<group>"; };
/* End PBXFileReference section */

/* Begin PBXFrameworksBuildPhase section */
		4B887DAA2AB2CB1100228E95 /* Frameworks */ = {
			isa = PBXFrameworksBuildPhase;
			buildActionMask = 2147483647;
			files = (
			);
			runOnlyForDeploymentPostprocessing = 0;
		};
/* End PBXFrameworksBuildPhase section */

/* Begin PBXGroup section */
		4B887DA42AB2CB1100228E95 = {
			isa = PBXGroup;
			children = (
				4B887DAF2AB2CB1100228E95 /* Practice05_BarcodeScanner */,
				4B887DAE2AB2CB1100228E95 /* Products */,
			);
			sourceTree = "<group>";
		};
		4B887DAE2AB2CB1100228E95 /* Products */ = {
			isa = PBXGroup;
			children = (
				4B887DAD2AB2CB1100228E95 /* Practice05_BarcodeScanner.app */,
			);
			name = Products;
			sourceTree = "<group>";
		};
		4B887DAF2AB2CB1100228E95 /* Practice05_BarcodeScanner */ = {
			isa = PBXGroup;
			children = (
				4B887DBE2AB2CB1F00228E95 /* Views */,
				4B887DBF2AB2CB2500228E95 /* ViewModels */,
				4B887DC52AB2CEF900228E95 /* UIKit Components */,
				4B887DC22AB2CB7A00228E95 /* Utilities */,
				4B887DB02AB2CB1100228E95 /* Practice05_BarcodeScannerApp.swift */,
				4B887DB42AB2CB1300228E95 /* Assets.xcassets */,
				4B887DB62AB2CB1300228E95 /* Preview Content */,
			);
			path = Practice05_BarcodeScanner;
			sourceTree = "<group>";
		};
		4B887DB62AB2CB1300228E95 /* Preview Content */ = {
			isa = PBXGroup;
			children = (
				4B887DB72AB2CB1300228E95 /* Preview Assets.xcassets */,
			);
			path = "Preview Content";
			sourceTree = "<group>";
		};
		4B887DBE2AB2CB1F00228E95 /* Views */ = {
			isa = PBXGroup;
			children = (
				4B887DB22AB2CB1100228E95 /* BarcodeScannerView.swift */,
				4B887DC82AB2D1C000228E95 /* ScannerView.swift */,
			);
			path = Views;
			sourceTree = "<group>";
		};
		4B887DBF2AB2CB2500228E95 /* ViewModels */ = {
			isa = PBXGroup;
			children = (
				4B887DC02AB2CB5300228E95 /* BarcodeScannerViewModel.swift */,
			);
			path = ViewModels;
			sourceTree = "<group>";
		};
		4B887DC22AB2CB7A00228E95 /* Utilities */ = {
			isa = PBXGroup;
			children = (
				4B887DC32AB2CB8300228E95 /* Alert.swift */,
			);
			path = Utilities;
			sourceTree = "<group>";
		};
		4B887DC52AB2CEF900228E95 /* UIKit Components */ = {
			isa = PBXGroup;
			children = (
				4B887DC62AB2CF1300228E95 /* ScannerVC.swift */,
			);
			path = "UIKit Components";
			sourceTree = "<group>";
		};
/* End PBXGroup section */

/* Begin PBXNativeTarget section */
		4B887DAC2AB2CB1100228E95 /* Practice05_BarcodeScanner */ = {
			isa = PBXNativeTarget;
			buildConfigurationList = 4B887DBB2AB2CB1300228E95 /* Build configuration list for PBXNativeTarget "Practice05_BarcodeScanner" */;
			buildPhases = (
				4B887DA92AB2CB1100228E95 /* Sources */,
				4B887DAA2AB2CB1100228E95 /* Frameworks */,
				4B887DAB2AB2CB1100228E95 /* Resources */,
			);
			buildRules = (
			);
			dependencies = (
			);
			name = Practice05_BarcodeScanner;
			productName = Practice05_BarcodeScanner;
			productReference = 4B887DAD2AB2CB1100228E95 /* Practice05_BarcodeScanner.app */;
			productType = "com.apple.product-type.application";
		};
/* End PBXNativeTarget section */

/* Begin PBXProject section */
		4B887DA52AB2CB1100228E95 /* Project object */ = {
			isa = PBXProject;
			attributes = {
				BuildIndependentTargetsInParallel = 1;
				LastSwiftUpdateCheck = 1500;
				LastUpgradeCheck = 1500;
				TargetAttributes = {
					4B887DAC2AB2CB1100228E95 = {
						CreatedOnToolsVersion = 15.0;
					};
				};
			};
			buildConfigurationList = 4B887DA82AB2CB1100228E95 /* Build configuration list for PBXProject "Practice05_BarcodeScanner" */;
			compatibilityVersion = "Xcode 14.0";
			developmentRegion = en;
			hasScannedForEncodings = 0;
			knownRegions = (
				en,
				Base,
			);
			mainGroup = 4B887DA42AB2CB1100228E95;
			productRefGroup = 4B887DAE2AB2CB1100228E95 /* Products */;
			projectDirPath = "";
			projectRoot = "";
			targets = (
				4B887DAC2AB2CB1100228E95 /* Practice05_BarcodeScanner */,
			);
		};
/* End PBXProject section */

/* Begin PBXResourcesBuildPhase section */
		4B887DAB2AB2CB1100228E95 /* Resources */ = {
			isa = PBXResourcesBuildPhase;
			buildActionMask = 2147483647;
			files = (
				4B887DB82AB2CB1300228E95 /* Preview Assets.xcassets in Resources */,
				4B887DB52AB2CB1300228E95 /* Assets.xcassets in Resources */,
			);
			runOnlyForDeploymentPostprocessing = 0;
		};
/* End PBXResourcesBuildPhase section */

/* Begin PBXSourcesBuildPhase section */
		4B887DA92AB2CB1100228E95 /* Sources */ = {
			isa = PBXSourcesBuildPhase;
			buildActionMask = 2147483647;
			files = (
				4B887DC72AB2CF1300228E95 /* ScannerVC.swift in Sources */,
				4B887DC12AB2CB5300228E95 /* BarcodeScannerViewModel.swift in Sources */,
				4B887DB32AB2CB1100228E95 /* BarcodeScannerView.swift in Sources */,
				4B887DC92AB2D1C000228E95 /* ScannerView.swift in Sources */,
				4B887DC42AB2CB8300228E95 /* Alert.swift in Sources */,
				4B887DB12AB2CB1100228E95 /* Practice05_BarcodeScannerApp.swift in Sources */,
			);
			runOnlyForDeploymentPostprocessing = 0;
		};
/* End PBXSourcesBuildPhase section */

/* Begin XCBuildConfiguration section */
		4B887DB92AB2CB1300228E95 /* Debug */ = {
			isa = XCBuildConfiguration;
			buildSettings = {
				ALWAYS_SEARCH_USER_PATHS = NO;
				ASSETCATALOG_COMPILER_GENERATE_SWIFT_ASSET_SYMBOL_EXTENSIONS = YES;
				CLANG_ANALYZER_NONNULL = YES;
				CLANG_ANALYZER_NUMBER_OBJECT_CONVERSION = YES_AGGRESSIVE;
				CLANG_CXX_LANGUAGE_STANDARD = "gnu++20";
				CLANG_ENABLE_MODULES = YES;
				CLANG_ENABLE_OBJC_ARC = YES;
				CLANG_ENABLE_OBJC_WEAK = YES;
				CLANG_WARN_BLOCK_CAPTURE_AUTORELEASING = YES;
				CLANG_WARN_BOOL_CONVERSION = YES;
				CLANG_WARN_COMMA = YES;
				CLANG_WARN_CONSTANT_CONVERSION = YES;
				CLANG_WARN_DEPRECATED_OBJC_IMPLEMENTATIONS = YES;
				CLANG_WARN_DIRECT_OBJC_ISA_USAGE = YES_ERROR;
				CLANG_WARN_DOCUMENTATION_COMMENTS = YES;
				CLANG_WARN_EMPTY_BODY = YES;
				CLANG_WARN_ENUM_CONVERSION = YES;
				CLANG_WARN_INFINITE_RECURSION = YES;
				CLANG_WARN_INT_CONVERSION = YES;
				CLANG_WARN_NON_LITERAL_NULL_CONVERSION = YES;
				CLANG_WARN_OBJC_IMPLICIT_RETAIN_SELF = YES;
				CLANG_WARN_OBJC_LITERAL_CONVERSION = YES;
				CLANG_WARN_OBJC_ROOT_CLASS = YES_ERROR;
				CLANG_WARN_QUOTED_INCLUDE_IN_FRAMEWORK_HEADER = YES;
				CLANG_WARN_RANGE_LOOP_ANALYSIS = YES;
				CLANG_WARN_STRICT_PROTOTYPES = YES;
				CLANG_WARN_SUSPICIOUS_MOVE = YES;
				CLANG_WARN_UNGUARDED_AVAILABILITY = YES_AGGRESSIVE;
				CLANG_WARN_UNREACHABLE_CODE = YES;
				CLANG_WARN__DUPLICATE_METHOD_MATCH = YES;
				COPY_PHASE_STRIP = NO;
				DEBUG_INFORMATION_FORMAT = dwarf;
				ENABLE_STRICT_OBJC_MSGSEND = YES;
				ENABLE_TESTABILITY = YES;
				ENABLE_USER_SCRIPT_SANDBOXING = YES;
				GCC_C_LANGUAGE_STANDARD = gnu17;
				GCC_DYNAMIC_NO_PIC = NO;
				GCC_NO_COMMON_BLOCKS = YES;
				GCC_OPTIMIZATION_LEVEL = 0;
				GCC_PREPROCESSOR_DEFINITIONS = (
					"DEBUG=1",
					"$(inherited)",
				);
				GCC_WARN_64_TO_32_BIT_CONVERSION = YES;
				GCC_WARN_ABOUT_RETURN_TYPE = YES_ERROR;
				GCC_WARN_UNDECLARED_SELECTOR = YES;
				GCC_WARN_UNINITIALIZED_AUTOS = YES_AGGRESSIVE;
				GCC_WARN_UNUSED_FUNCTION = YES;
				GCC_WARN_UNUSED_VARIABLE = YES;
				IPHONEOS_DEPLOYMENT_TARGET = 16.0;
				LOCALIZATION_PREFERS_STRING_CATALOGS = YES;
				MTL_ENABLE_DEBUG_INFO = INCLUDE_SOURCE;
				MTL_FAST_MATH = YES;
				ONLY_ACTIVE_ARCH = YES;
				SDKROOT = iphoneos;
				SWIFT_ACTIVE_COMPILATION_CONDITIONS = "DEBUG $(inherited)";
				SWIFT_OPTIMIZATION_LEVEL = "-Onone";
			};
			name = Debug;
		};
		4B887DBA2AB2CB1300228E95 /* Release */ = {
			isa = XCBuildConfiguration;
			buildSettings = {
				ALWAYS_SEARCH_USER_PATHS = NO;
				ASSETCATALOG_COMPILER_GENERATE_SWIFT_ASSET_SYMBOL_EXTENSIONS = YES;
				CLANG_ANALYZER_NONNULL = YES;
				CLANG_ANALYZER_NUMBER_OBJECT_CONVERSION = YES_AGGRESSIVE;
				CLANG_CXX_LANGUAGE_STANDARD = "gnu++20";
				CLANG_ENABLE_MODULES = YES;
				CLANG_ENABLE_OBJC_ARC = YES;
				CLANG_ENABLE_OBJC_WEAK = YES;
				CLANG_WARN_BLOCK_CAPTURE_AUTORELEASING = YES;
				CLANG_WARN_BOOL_CONVERSION = YES;
				CLANG_WARN_COMMA = YES;
				CLANG_WARN_CONSTANT_CONVERSION = YES;
				CLANG_WARN_DEPRECATED_OBJC_IMPLEMENTATIONS = YES;
				CLANG_WARN_DIRECT_OBJC_ISA_USAGE = YES_ERROR;
				CLANG_WARN_DOCUMENTATION_COMMENTS = YES;
				CLANG_WARN_EMPTY_BODY = YES;
				CLANG_WARN_ENUM_CONVERSION = YES;
				CLANG_WARN_INFINITE_RECURSION = YES;
				CLANG_WARN_INT_CONVERSION = YES;
				CLANG_WARN_NON_LITERAL_NULL_CONVERSION = YES;
				CLANG_WARN_OBJC_IMPLICIT_RETAIN_SELF = YES;
				CLANG_WARN_OBJC_LITERAL_CONVERSION = YES;
				CLANG_WARN_OBJC_ROOT_CLASS = YES_ERROR;
				CLANG_WARN_QUOTED_INCLUDE_IN_FRAMEWORK_HEADER = YES;
				CLANG_WARN_RANGE_LOOP_ANALYSIS = YES;
				CLANG_WARN_STRICT_PROTOTYPES = YES;
				CLANG_WARN_SUSPICIOUS_MOVE = YES;
				CLANG_WARN_UNGUARDED_AVAILABILITY = YES_AGGRESSIVE;
				CLANG_WARN_UNREACHABLE_CODE = YES;
				CLANG_WARN__DUPLICATE_METHOD_MATCH = YES;
				COPY_PHASE_STRIP = NO;
				DEBUG_INFORMATION_FORMAT = "dwarf-with-dsym";
				ENABLE_NS_ASSERTIONS = NO;
				ENABLE_STRICT_OBJC_MSGSEND = YES;
				ENABLE_USER_SCRIPT_SANDBOXING = YES;
				GCC_C_LANGUAGE_STANDARD = gnu17;
				GCC_NO_COMMON_BLOCKS = YES;
				GCC_WARN_64_TO_32_BIT_CONVERSION = YES;
				GCC_WARN_ABOUT_RETURN_TYPE = YES_ERROR;
				GCC_WARN_UNDECLARED_SELECTOR = YES;
				GCC_WARN_UNINITIALIZED_AUTOS = YES_AGGRESSIVE;
				GCC_WARN_UNUSED_FUNCTION = YES;
				GCC_WARN_UNUSED_VARIABLE = YES;
				IPHONEOS_DEPLOYMENT_TARGET = 16.0;
				LOCALIZATION_PREFERS_STRING_CATALOGS = YES;
				MTL_ENABLE_DEBUG_INFO = NO;
				MTL_FAST_MATH = YES;
				SDKROOT = iphoneos;
				SWIFT_COMPILATION_MODE = wholemodule;
				VALIDATE_PRODUCT = YES;
			};
			name = Release;
		};
		4B887DBC2AB2CB1300228E95 /* Debug */ = {
			isa = XCBuildConfiguration;
			buildSettings = {
				ASSETCATALOG_COMPILER_APPICON_NAME = AppIcon;
				ASSETCATALOG_COMPILER_GLOBAL_ACCENT_COLOR_NAME = AccentColor;
				CODE_SIGN_STYLE = Automatic;
				CURRENT_PROJECT_VERSION = 1;
				DEVELOPMENT_ASSET_PATHS = "\"Practice05_BarcodeScanner/Preview Content\"";
				DEVELOPMENT_TEAM = P9TVSH3F53;
				ENABLE_PREVIEWS = YES;
				GENERATE_INFOPLIST_FILE = YES;
				INFOPLIST_KEY_NSCameraUsageDescription = "For scanning barcode.";
				INFOPLIST_KEY_UIApplicationSceneManifest_Generation = YES;
				INFOPLIST_KEY_UIApplicationSupportsIndirectInputEvents = YES;
				INFOPLIST_KEY_UILaunchScreen_Generation = YES;
				INFOPLIST_KEY_UISupportedInterfaceOrientations_iPad = "UIInterfaceOrientationPortrait UIInterfaceOrientationPortraitUpsideDown UIInterfaceOrientationLandscapeLeft UIInterfaceOrientationLandscapeRight";
				INFOPLIST_KEY_UISupportedInterfaceOrientations_iPhone = "UIInterfaceOrientationPortrait UIInterfaceOrientationLandscapeLeft UIInterfaceOrientationLandscapeRight";
				LD_RUNPATH_SEARCH_PATHS = (
					"$(inherited)",
					"@executable_path/Frameworks",
				);
				MARKETING_VERSION = 1.0;
				PRODUCT_BUNDLE_IDENTIFIER = "com.yuchen.Practice05-BarcodeScanner";
				PRODUCT_NAME = "$(TARGET_NAME)";
				SWIFT_EMIT_LOC_STRINGS = YES;
				SWIFT_VERSION = 5.0;
				TARGETED_DEVICE_FAMILY = "1,2";
			};
			name = Debug;
		};
		4B887DBD2AB2CB1300228E95 /* Release */ = {
			isa = XCBuildConfiguration;
			buildSettings = {
				ASSETCATALOG_COMPILER_APPICON_NAME = AppIcon;
				ASSETCATALOG_COMPILER_GLOBAL_ACCENT_COLOR_NAME = AccentColor;
				CODE_SIGN_STYLE = Automatic;
				CURRENT_PROJECT_VERSION = 1;
				DEVELOPMENT_ASSET_PATHS = "\"Practice05_BarcodeScanner/Preview Content\"";
				DEVELOPMENT_TEAM = P9TVSH3F53;
				ENABLE_PREVIEWS = YES;
				GENERATE_INFOPLIST_FILE = YES;
				INFOPLIST_KEY_NSCameraUsageDescription = "For scanning barcode.";
				INFOPLIST_KEY_UIApplicationSceneManifest_Generation = YES;
				INFOPLIST_KEY_UIApplicationSupportsIndirectInputEvents = YES;
				INFOPLIST_KEY_UILaunchScreen_Generation = YES;
				INFOPLIST_KEY_UISupportedInterfaceOrientations_iPad = "UIInterfaceOrientationPortrait UIInterfaceOrientationPortraitUpsideDown UIInterfaceOrientationLandscapeLeft UIInterfaceOrientationLandscapeRight";
				INFOPLIST_KEY_UISupportedInterfaceOrientations_iPhone = "UIInterfaceOrientationPortrait UIInterfaceOrientationLandscapeLeft UIInterfaceOrientationLandscapeRight";
				LD_RUNPATH_SEARCH_PATHS = (
					"$(inherited)",
					"@executable_path/Frameworks",
				);
				MARKETING_VERSION = 1.0;
				PRODUCT_BUNDLE_IDENTIFIER = "com.yuchen.Practice05-BarcodeScanner";
				PRODUCT_NAME = "$(TARGET_NAME)";
				SWIFT_EMIT_LOC_STRINGS = YES;
				SWIFT_VERSION = 5.0;
				TARGETED_DEVICE_FAMILY = "1,2";
			};
			name = Release;
		};
/* End XCBuildConfiguration section */

/* Begin XCConfigurationList section */
		4B887DA82AB2CB1100228E95 /* Build configuration list for PBXProject "Practice05_BarcodeScanner" */ = {
			isa = XCConfigurationList;
			buildConfigurations = (
				4B887DB92AB2CB1300228E95 /* Debug */,
				4B887DBA2AB2CB1300228E95 /* Release */,
			);
			defaultConfigurationIsVisible = 0;
			defaultConfigurationName = Release;
		};
		4B887DBB2AB2CB1300228E95 /* Build configuration list for PBXNativeTarget "Practice05_BarcodeScanner" */ = {
			isa = XCConfigurationList;
			buildConfigurations = (
				4B887DBC2AB2CB1300228E95 /* Debug */,
				4B887DBD2AB2CB1300228E95 /* Release */,
			);
			defaultConfigurationIsVisible = 0;
			defaultConfigurationName = Release;
		};
/* End XCConfigurationList section */
	};
	rootObject = 4B887DA52AB2CB1100228E95 /* Project object */;
}
